
Microsoft Visual Studio Solution File, Format Version 12.00
# Visual Studio Version 17
VisualStudioVersion = 17.0.31903.59
MinimumVisualStudioVersion = 10.0.40219.1
Project("{2150E333-8FDC-42A3-9474-1A3956D46DE8}") = "src", "src", "{827E0CD3-B72D-47B6-A68D-7590B98EB39B}"
EndProject
Project("{FAE04EC0-301F-11D3-BF4B-00C04F79EFBC}") = "Wondarr.Core", "src\Wondarr.Core\Wondarr.Core.csproj", "{DF25DEBE-81E1-4FBC-861E-D9A23BC3A3F7}"
EndProject
Project("{FAE04EC0-301F-11D3-BF4B-00C04F79EFBC}") = "Wondarr.Sources.Slskd", "src\Wondarr.Sources.Slskd\Wondarr.Sources.Slskd.csproj", "{CC6B0786-466A-445D-A17E-48B43B9A104C}"
EndProject
Project("{FAE04EC0-301F-11D3-BF4B-00C04F79EFBC}") = "Wondarr.Sources.YouTube", "src\Wondarr.Sources.YouTube\Wondarr.Sources.YouTube.csproj", "{AC7E31D7-ABBC-40C8-B14E-89E5E6BB7E30}"
EndProject
Project("{FAE04EC0-301F-11D3-BF4B-00C04F79EFBC}") = "Wondarr.Sources.Torznab", "src\Wondarr.Sources.Torznab\Wondarr.Sources.Torznab.csproj", "{5D646270-B5E7-41D1-BA51-5223401110DB}"
EndProject
Project("{FAE04EC0-301F-11D3-BF4B-00C04F79EFBC}") = "Wondarr.Api", "src\Wondarr.Api\Wondarr.Api.csproj", "{B7D0CDE6-2D77-422C-AC4F-8FBF1D0F6FE6}"
EndProject
Project("{2150E333-8FDC-42A3-9474-1A3956D46DE8}") = "tests", "tests", "{0AB3BF05-4346-4AA6-1389-037BE0695223}"
EndProject
Project("{FAE04EC0-301F-11D3-BF4B-00C04F79EFBC}") = "Wondarr.Core.Tests", "tests\Wondarr.Core.Tests\Wondarr.Core.Tests.csproj", "{E6A400D5-C5DE-4A4A-899B-51C88B018396}"
EndProject
Project("{FAE04EC0-301F-11D3-BF4B-00C04F79EFBC}") = "Wondarr.Api.Tests", "tests\Wondarr.Api.Tests\Wondarr.Api.Tests.csproj", "{AF2A8918-CCC2-402B-9188-A112310EFA0A}"
EndProject
Project("{FAE04EC0-301F-11D3-BF4B-00C04F79EFBC}") = "Wondarr.Sources.Tests", "tests\Wondarr.Sources.Tests\Wondarr.Sources.Tests.csproj", "{BCD1330C-B4D2-4D2F-BC21-104E2B6B6B9B}"
EndProject
Global
	GlobalSection(SolutionConfigurationPlatforms) = preSolution
		Debug|Any CPU = Debug|Any CPU
		Debug|x64 = Debug|x64
		Debug|x86 = Debug|x86
		Release|Any CPU = Release|Any CPU
		Release|x64 = Release|x64
		Release|x86 = Release|x86
	EndGlobalSection
	GlobalSection(ProjectConfigurationPlatforms) = postSolution
		{DF25DEBE-81E1-4FBC-861E-D9A23BC3A3F7}.Debug|Any CPU.ActiveCfg = Debug|Any CPU
		{DF25DEBE-81E1-4FBC-861E-D9A23BC3A3F7}.Debug|Any CPU.Build.0 = Debug|Any CPU
		{DF25DEBE-81E1-4FBC-861E-D9A23BC3A3F7}.Debug|x64.ActiveCfg = Debug|Any CPU
		{DF25DEBE-81E1-4FBC-861E-D9A23BC3A3F7}.Debug|x64.Build.0 = Debug|Any CPU
		{DF25DEBE-81E1-4FBC-861E-D9A23BC3A3F7}.Debug|x86.ActiveCfg = Debug|Any CPU
		{DF25DEBE-81E1-4FBC-861E-D9A23BC3A3F7}.Debug|x86.Build.0 = Debug|Any CPU
		{DF25DEBE-81E1-4FBC-861E-D9A23BC3A3F7}.Release|Any CPU.ActiveCfg = Release|Any CPU
		{DF25DEBE-81E1-4FBC-861E-D9A23BC3A3F7}.Release|Any CPU.Build.0 = Release|Any CPU
		{DF25DEBE-81E1-4FBC-861E-D9A23BC3A3F7}.Release|x64.ActiveCfg = Release|Any CPU
		{DF25DEBE-81E1-4FBC-861E-D9A23BC3A3F7}.Release|x64.Build.0 = Release|Any CPU
		{DF25DEBE-81E1-4FBC-861E-D9A23BC3A3F7}.Release|x86.ActiveCfg = Release|Any CPU
		{DF25DEBE-81E1-4FBC-861E-D9A23BC3A3F7}.Release|x86.Build.0 = Release|Any CPU
		{CC6B0786-466A-445D-A17E-48B43B9A104C}.Debug|Any CPU.ActiveCfg = Debug|Any CPU
		{CC6B0786-466A-445D-A17E-48B43B9A104C}.Debug|Any CPU.Build.0 = Debug|Any CPU
		{CC6B0786-466A-445D-A17E-48B43B9A104C}.Debug|x64.ActiveCfg = Debug|Any CPU
		{CC6B0786-466A-445D-A17E-48B43B9A104C}.Debug|x64.Build.0 = Debug|Any CPU
		{CC6B0786-466A-445D-A17E-48B43B9A104C}.Debug|x86.ActiveCfg = Debug|Any CPU
		{CC6B0786-466A-445D-A17E-48B43B9A104C}.Debug|x86.Build.0 = Debug|Any CPU
		{CC6B0786-466A-445D-A17E-48B43B9A104C}.Release|Any CPU.ActiveCfg = Release|Any CPU
		{CC6B0786-466A-445D-A17E-48B43B9A104C}.Release|Any CPU.Build.0 = Release|Any CPU
		{CC6B0786-466A-445D-A17E-48B43B9A104C}.Release|x64.ActiveCfg = Release|Any CPU
		{CC6B0786-466A-445D-A17E-48B43B9A104C}.Release|x64.Build.0 = Release|Any CPU
		{CC6B0786-466A-445D-A17E-48B43B9A104C}.Release|x86.ActiveCfg = Release|Any CPU
		{CC6B0786-466A-445D-A17E-48B43B9A104C}.Release|x86.Build.0 = Release|Any CPU
		{AC7E31D7-ABBC-40C8-B14E-89E5E6BB7E30}.Debug|Any CPU.ActiveCfg = Debug|Any CPU
		{AC7E31D7-ABBC-40C8-B14E-89E5E6BB7E30}.Debug|Any CPU.Build.0 = Debug|Any CPU
		{AC7E31D7-ABBC-40C8-B14E-89E5E6BB7E30}.Debug|x64.ActiveCfg = Debug|Any CPU
		{AC7E31D7-ABBC-40C8-B14E-89E5E6BB7E30}.Debug|x64.Build.0 = Debug|Any CPU
		{AC7E31D7-ABBC-40C8-B14E-89E5E6BB7E30}.Debug|x86.ActiveCfg = Debug|Any CPU
		{AC7E31D7-ABBC-40C8-B14E-89E5E6BB7E30}.Debug|x86.Build.0 = Debug|Any CPU
		{AC7E31D7-ABBC-40C8-B14E-89E5E6BB7E30}.Release|Any CPU.ActiveCfg = Release|Any CPU
		{AC7E31D7-ABBC-40C8-B14E-89E5E6BB7E30}.Release|Any CPU.Build.0 = Release|Any CPU
		{AC7E31D7-ABBC-40C8-B14E-89E5E6BB7E30}.Release|x64.ActiveCfg = Release|Any CPU
		{AC7E31D7-ABBC-40C8-B14E-89E5E6BB7E30}.Release|x64.Build.0 = Release|Any CPU
		{AC7E31D7-ABBC-40C8-B14E-89E5E6BB7E30}.Release|x86.ActiveCfg = Release|Any CPU
		{AC7E31D7-ABBC-40C8-B14E-89E5E6BB7E30}.Release|x86.Build.0 = Release|Any CPU
		{5D646270-B5E7-41D1-BA51-5223401110DB}.Debug|Any CPU.ActiveCfg = Debug|Any CPU
		{5D646270-B5E7-41D1-BA51-5223401110DB}.Debug|Any CPU.Build.0 = Debug|Any CPU
		{5D646270-B5E7-41D1-BA51-5223401110DB}.Debug|x64.ActiveCfg = Debug|Any CPU
		{5D646270-B5E7-41D1-BA51-5223401110DB}.Debug|x64.Build.0 = Debug|Any CPU
		{5D646270-B5E7-41D1-BA51-5223401110DB}.Debug|x86.ActiveCfg = Debug|Any CPU
		{5D646270-B5E7-41D1-BA51-5223401110DB}.Debug|x86.Build.0 = Debug|Any CPU
		{5D646270-B5E7-41D1-BA51-5223401110DB}.Release|Any CPU.ActiveCfg = Release|Any CPU
		{5D646270-B5E7-41D1-BA51-5223401110DB}.Release|Any CPU.Build.0 = Release|Any CPU
		{5D646270-B5E7-41D1-BA51-5223401110DB}.Release|x64.ActiveCfg = Release|Any CPU
		{5D646270-B5E7-41D1-BA51-5223401110DB}.Release|x64.Build.0 = Release|Any CPU
		{5D646270-B5E7-41D1-BA51-5223401110DB}.Release|x86.ActiveCfg = Release|Any CPU
		{5D646270-B5E7-41D1-BA51-5223401110DB}.Release|x86.Build.0 = Release|Any CPU
		{B7D0CDE6-2D77-422C-AC4F-8FBF1D0F6FE6}.Debug|Any CPU.ActiveCfg = Debug|Any CPU
		{B7D0CDE6-2D77-422C-AC4F-8FBF1D0F6FE6}.Debug|Any CPU.Build.0 = Debug|Any CPU
		{B7D0CDE6-2D77-422C-AC4F-8FBF1D0F6FE6}.Debug|x64.ActiveCfg = Debug|Any CPU
		{B7D0CDE6-2D77-422C-AC4F-8FBF1D0F6FE6}.Debug|x64.Build.0 = Debug|Any CPU
		{B7D0CDE6-2D77-422C-AC4F-8FBF1D0F6FE6}.Debug|x86.ActiveCfg = Debug|Any CPU
		{B7D0CDE6-2D77-422C-AC4F-8FBF1D0F6FE6}.Debug|x86.Build.0 = Debug|Any CPU
		{B7D0CDE6-2D77-422C-AC4F-8FBF1D0F6FE6}.Release|Any CPU.ActiveCfg = Release|Any CPU
		{B7D0CDE6-2D77-422C-AC4F-8FBF1D0F6FE6}.Release|Any CPU.Build.0 = Release|Any CPU
		{B7D0CDE6-2D77-422C-AC4F-8FBF1D0F6FE6}.Release|x64.ActiveCfg = Release|Any CPU
		{B7D0CDE6-2D77-422C-AC4F-8FBF1D0F6FE6}.Release|x64.Build.0 = Release|Any CPU
		{B7D0CDE6-2D77-422C-AC4F-8FBF1D0F6FE6}.Release|x86.ActiveCfg = Release|Any CPU
		{B7D0CDE6-2D77-422C-AC4F-8FBF1D0F6FE6}.Release|x86.Build.0 = Release|Any CPU
		{E6A400D5-C5DE-4A4A-899B-51C88B018396}.Debug|Any CPU.ActiveCfg = Debug|Any CPU
		{E6A400D5-C5DE-4A4A-899B-51C88B018396}.Debug|Any CPU.Build.0 = Debug|Any CPU
		{E6A400D5-C5DE-4A4A-899B-51C88B018396}.Debug|x64.ActiveCfg = Debug|Any CPU
		{E6A400D5-C5DE-4A4A-899B-51C88B018396}.Debug|x64.Build.0 = Debug|Any CPU
		{E6A400D5-C5DE-4A4A-899B-51C88B018396}.Debug|x86.ActiveCfg = Debug|Any CPU
		{E6A400D5-C5DE-4A4A-899B-51C88B018396}.Debug|x86.Build.0 = Debug|Any CPU
		{E6A400D5-C5DE-4A4A-899B-51C88B018396}.Release|Any CPU.ActiveCfg = Release|Any CPU
		{E6A400D5-C5DE-4A4A-899B-51C88B018396}.Release|Any CPU.Build.0 = Release|Any CPU
		{E6A400D5-C5DE-4A4A-899B-51C88B018396}.Release|x64.ActiveCfg = Release|Any CPU
		{E6A400D5-C5DE-4A4A-899B-51C88B018396}.Release|x64.Build.0 = Release|Any CPU
		{E6A400D5-C5DE-4A4A-899B-51C88B018396}.Release|x86.ActiveCfg = Release|Any CPU
		{E6A400D5-C5DE-4A4A-899B-51C88B018396}.Release|x86.Build.0 = Release|Any CPU
		{AF2A8918-CCC2-402B-9188-A112310EFA0A}.Debug|Any CPU.ActiveCfg = Debug|Any CPU
		{AF2A8918-CCC2-402B-9188-A112310EFA0A}.Debug|Any CPU.Build.0 = Debug|Any CPU
		{AF2A8918-CCC2-402B-9188-A112310EFA0A}.Debug|x64.ActiveCfg = Debug|Any CPU
		{AF2A8918-CCC2-402B-9188-A112310EFA0A}.Debug|x64.Build.0 = Debug|Any CPU
		{AF2A8918-CCC2-402B-9188-A112310EFA0A}.Debug|x86.ActiveCfg = Debug|Any CPU
		{AF2A8918-CCC2-402B-9188-A112310EFA0A}.Debug|x86.Build.0 = Debug|Any CPU
		{AF2A8918-CCC2-402B-9188-A112310EFA0A}.Release|Any CPU.ActiveCfg = Release|Any CPU
		{AF2A8918-CCC2-402B-9188-A112310EFA0A}.Release|Any CPU.Build.0 = Release|Any CPU
		{AF2A8918-CCC2-402B-9188-A112310EFA0A}.Release|x64.ActiveCfg = Release|Any CPU
		{AF2A8918-CCC2-402B-9188-A112310EFA0A}.Release|x64.Build.0 = Release|Any CPU
		{AF2A8918-CCC2-402B-9188-A112310EFA0A}.Release|x86.ActiveCfg = Release|Any CPU
		{AF2A8918-CCC2-402B-9188-A112310EFA0A}.Release|x86.Build.0 = Release|Any CPU
		{BCD1330C-B4D2-4D2F-BC21-104E2B6B6B9B}.Debug|Any CPU.ActiveCfg = Debug|Any CPU
		{BCD1330C-B4D2-4D2F-BC21-104E2B6B6B9B}.Debug|Any CPU.Build.0 = Debug|Any CPU
		{BCD1330C-B4D2-4D2F-BC21-104E2B6B6B9B}.Debug|x64.ActiveCfg = Debug|Any CPU
		{BCD1330C-B4D2-4D2F-BC21-104E2B6B6B9B}.Debug|x64.Build.0 = Debug|Any CPU
		{BCD1330C-B4D2-4D2F-BC21-104E2B6B6B9B}.Debug|x86.ActiveCfg = Debug|Any CPU
		{BCD1330C-B4D2-4D2F-BC21-104E2B6B6B9B}.Debug|x86.Build.0 = Debug|Any CPU
		{BCD1330C-B4D2-4D2F-BC21-104E2B6B6B9B}.Release|Any CPU.ActiveCfg = Release|Any CPU
		{BCD1330C-B4D2-4D2F-BC21-104E2B6B6B9B}.Release|Any CPU.Build.0 = Release|Any CPU
		{BCD1330C-B4D2-4D2F-BC21-104E2B6B6B9B}.Release|x64.ActiveCfg = Release|Any CPU
		{BCD1330C-B4D2-4D2F-BC21-104E2B6B6B9B}.Release|x64.Build.0 = Release|Any CPU
		{BCD1330C-B4D2-4D2F-BC21-104E2B6B6B9B}.Release|x86.ActiveCfg = Release|Any CPU
		{BCD1330C-B4D2-4D2F-BC21-104E2B6B6B9B}.Release|x86.Build.0 = Release|Any CPU
	EndGlobalSection
	GlobalSection(SolutionProperties) = preSolution
		HideSolutionNode = FALSE
	EndGlobalSection
	GlobalSection(NestedProjects) = preSolution
		{DF25DEBE-81E1-4FBC-861E-D9A23BC3A3F7} = {827E0CD3-B72D-47B6-A68D-7590B98EB39B}
		{CC6B0786-466A-445D-A17E-48B43B9A104C} = {827E0CD3-B72D-47B6-A68D-7590B98EB39B}
		{AC7E31D7-ABBC-40C8-B14E-89E5E6BB7E30} = {827E0CD3-B72D-47B6-A68D-7590B98EB39B}
		{5D646270-B5E7-41D1-BA51-5223401110DB} = {827E0CD3-B72D-47B6-A68D-7590B98EB39B}
		{B7D0CDE6-2D77-422C-AC4F-8FBF1D0F6FE6} = {827E0CD3-B72D-47B6-A68D-7590B98EB39B}
		{E6A400D5-C5DE-4A4A-899B-51C88B018396} = {0AB3BF05-4346-4AA6-1389-037BE0695223}
		{AF2A8918-CCC2-402B-9188-A112310EFA0A} = {0AB3BF05-4346-4AA6-1389-037BE0695223}
		{BCD1330C-B4D2-4D2F-BC21-104E2B6B6B9B} = {0AB3BF05-4346-4AA6-1389-037BE0695223}
	EndGlobalSection
EndGlobal
